
Microsoft Visual Studio Solution File, Format Version 12.00
# Visual Studio Version 17
VisualStudioVersion = 17.12.35707.178 d17.12
MinimumVisualStudioVersion = 10.0.40219.1
Project("{FAE04EC0-301F-11D3-BF4B-00C04F79EFBC}") = "My_library2", "My_library2\My_library2.csproj", "{8C218BC2-B762-4AD4-8FA4-960F0BE8A499}"
EndProject
Global
	GlobalSection(SolutionConfigurationPlatforms) = preSolution
		Debug|Any CPU = Debug|Any CPU
		Release|Any CPU = Release|Any CPU
	EndGlobalSection
	GlobalSection(ProjectConfigurationPlatforms) = postSolution
		{8C218BC2-B762-4AD4-8FA4-960F0BE8A499}.Debug|Any CPU.ActiveCfg = Debug|Any CPU
		{8C218BC2-B762-4AD4-8FA4-960F0BE8A499}.Debug|Any CPU.Build.0 = Debug|Any CPU
		{8C218BC2-B762-4AD4-8FA4-960F0BE8A499}.Release|Any CPU.ActiveCfg = Release|Any CPU
		{8C218BC2-B762-4AD4-8FA4-960F0BE8A499}.Release|Any CPU.Build.0 = Release|Any CPU
	EndGlobalSection
	GlobalSection(SolutionProperties) = preSolution
		HideSolutionNode = FALSE
	EndGlobalSection
EndGlobal
